# THIS IS AN AUTOGENERATED FILE. DO NOT EDIT THIS FILE DIRECTLY.
# yarn lockfile v1


tdesign-miniprogram@^1.13.0:
  version "1.13.0"
  resolved "https://registry.npmmirror.com/tdesign-miniprogram/-/tdesign-miniprogram-1.13.0.tgz#a1234da221f0b5ad7aefc8781e5ae43f4ef6adb3"
  integrity sha512-CaqqOlXCFJdkTh0ZeVRnTHhGz97uLckRA58ADT9Cs+YJXimA7rtAFt7mb+jqLn+v1944U3lyeX6GNy0lctI4zQ==
